
Microsoft Visual Studio Solution File, Format Version 12.00
# Visual Studio Version 17
VisualStudioVersion = 17.0.31903.59
MinimumVisualStudioVersion = 10.0.40219.1
Project("{2150E333-8FDC-42A3-9474-1A3956D46DE8}") = "AuctionService", "AuctionService", "{C6F5AF36-449A-D0BC-5E47-9E74ACDE189C}"
EndProject
Project("{FAE04EC0-301F-11D3-BF4B-00C04F79EFBC}") = "AuctionService.API", "AuctionService\API\AuctionService.API.csproj", "{75789A71-E9B8-4304-8276-1E76D1D7C64E}"
EndProject
Project("{FAE04EC0-301F-11D3-BF4B-00C04F79EFBC}") = "AuctionService.Application", "AuctionService\Application\AuctionService.Application.csproj", "{167EC8FF-AAED-4A5E-AF62-ED551F3589A6}"
EndProject
Project("{FAE04EC0-301F-11D3-BF4B-00C04F79EFBC}") = "AuctionService.Domain", "AuctionService\Domain\AuctionService.Domain.csproj", "{195588ED-6D03-45F3-8C77-C2D696F1C76E}"
EndProject
Project("{FAE04EC0-301F-11D3-BF4B-00C04F79EFBC}") = "AuctionService.Infrastructure", "AuctionService\Infrastructure\AuctionService.Infrastructure.csproj", "{FDCFFD57-93AA-4DF9-84C8-3D51E2CC0B5A}"
EndProject
Project("{2150E333-8FDC-42A3-9474-1A3956D46DE8}") = "CommonService", "CommonService", "{BA978FC2-AAB1-1279-F5C2-C90C586834A8}"
EndProject
Project("{FAE04EC0-301F-11D3-BF4B-00C04F79EFBC}") = "CommonService.Domain", "CommonService\Domain\CommonService.Domain.csproj", "{8D430937-B552-45AA-AFB5-E73D1A982006}"
EndProject
Project("{FAE04EC0-301F-11D3-BF4B-00C04F79EFBC}") = "CommonService.Application", "CommonService\Application\CommonService.Application.csproj", "{7E500D76-8C7D-43FE-BE33-339979A1CCBE}"
EndProject
Global
	GlobalSection(SolutionConfigurationPlatforms) = preSolution
		Debug|Any CPU = Debug|Any CPU
		Debug|x64 = Debug|x64
		Debug|x86 = Debug|x86
		Release|Any CPU = Release|Any CPU
		Release|x64 = Release|x64
		Release|x86 = Release|x86
	EndGlobalSection
	GlobalSection(ProjectConfigurationPlatforms) = postSolution
		{75789A71-E9B8-4304-8276-1E76D1D7C64E}.Debug|Any CPU.ActiveCfg = Debug|Any CPU
		{75789A71-E9B8-4304-8276-1E76D1D7C64E}.Debug|Any CPU.Build.0 = Debug|Any CPU
		{75789A71-E9B8-4304-8276-1E76D1D7C64E}.Debug|x64.ActiveCfg = Debug|Any CPU
		{75789A71-E9B8-4304-8276-1E76D1D7C64E}.Debug|x64.Build.0 = Debug|Any CPU
		{75789A71-E9B8-4304-8276-1E76D1D7C64E}.Debug|x86.ActiveCfg = Debug|Any CPU
		{75789A71-E9B8-4304-8276-1E76D1D7C64E}.Debug|x86.Build.0 = Debug|Any CPU
		{75789A71-E9B8-4304-8276-1E76D1D7C64E}.Release|Any CPU.ActiveCfg = Release|Any CPU
		{75789A71-E9B8-4304-8276-1E76D1D7C64E}.Release|Any CPU.Build.0 = Release|Any CPU
		{75789A71-E9B8-4304-8276-1E76D1D7C64E}.Release|x64.ActiveCfg = Release|Any CPU
		{75789A71-E9B8-4304-8276-1E76D1D7C64E}.Release|x64.Build.0 = Release|Any CPU
		{75789A71-E9B8-4304-8276-1E76D1D7C64E}.Release|x86.ActiveCfg = Release|Any CPU
		{75789A71-E9B8-4304-8276-1E76D1D7C64E}.Release|x86.Build.0 = Release|Any CPU
		{167EC8FF-AAED-4A5E-AF62-ED551F3589A6}.Debug|Any CPU.ActiveCfg = Debug|Any CPU
		{167EC8FF-AAED-4A5E-AF62-ED551F3589A6}.Debug|Any CPU.Build.0 = Debug|Any CPU
		{167EC8FF-AAED-4A5E-AF62-ED551F3589A6}.Debug|x64.ActiveCfg = Debug|Any CPU
		{167EC8FF-AAED-4A5E-AF62-ED551F3589A6}.Debug|x64.Build.0 = Debug|Any CPU
		{167EC8FF-AAED-4A5E-AF62-ED551F3589A6}.Debug|x86.ActiveCfg = Debug|Any CPU
		{167EC8FF-AAED-4A5E-AF62-ED551F3589A6}.Debug|x86.Build.0 = Debug|Any CPU
		{167EC8FF-AAED-4A5E-AF62-ED551F3589A6}.Release|Any CPU.ActiveCfg = Release|Any CPU
		{167EC8FF-AAED-4A5E-AF62-ED551F3589A6}.Release|Any CPU.Build.0 = Release|Any CPU
		{167EC8FF-AAED-4A5E-AF62-ED551F3589A6}.Release|x64.ActiveCfg = Release|Any CPU
		{167EC8FF-AAED-4A5E-AF62-ED551F3589A6}.Release|x64.Build.0 = Release|Any CPU
		{167EC8FF-AAED-4A5E-AF62-ED551F3589A6}.Release|x86.ActiveCfg = Release|Any CPU
		{167EC8FF-AAED-4A5E-AF62-ED551F3589A6}.Release|x86.Build.0 = Release|Any CPU
		{195588ED-6D03-45F3-8C77-C2D696F1C76E}.Debug|Any CPU.ActiveCfg = Debug|Any CPU
		{195588ED-6D03-45F3-8C77-C2D696F1C76E}.Debug|Any CPU.Build.0 = Debug|Any CPU
		{195588ED-6D03-45F3-8C77-C2D696F1C76E}.Debug|x64.ActiveCfg = Debug|Any CPU
		{195588ED-6D03-45F3-8C77-C2D696F1C76E}.Debug|x64.Build.0 = Debug|Any CPU
		{195588ED-6D03-45F3-8C77-C2D696F1C76E}.Debug|x86.ActiveCfg = Debug|Any CPU
		{195588ED-6D03-45F3-8C77-C2D696F1C76E}.Debug|x86.Build.0 = Debug|Any CPU
		{195588ED-6D03-45F3-8C77-C2D696F1C76E}.Release|Any CPU.ActiveCfg = Release|Any CPU
		{195588ED-6D03-45F3-8C77-C2D696F1C76E}.Release|Any CPU.Build.0 = Release|Any CPU
		{195588ED-6D03-45F3-8C77-C2D696F1C76E}.Release|x64.ActiveCfg = Release|Any CPU
		{195588ED-6D03-45F3-8C77-C2D696F1C76E}.Release|x64.Build.0 = Release|Any CPU
		{195588ED-6D03-45F3-8C77-C2D696F1C76E}.Release|x86.ActiveCfg = Release|Any CPU
		{195588ED-6D03-45F3-8C77-C2D696F1C76E}.Release|x86.Build.0 = Release|Any CPU
		{FDCFFD57-93AA-4DF9-84C8-3D51E2CC0B5A}.Debug|Any CPU.ActiveCfg = Debug|Any CPU
		{FDCFFD57-93AA-4DF9-84C8-3D51E2CC0B5A}.Debug|Any CPU.Build.0 = Debug|Any CPU
		{FDCFFD57-93AA-4DF9-84C8-3D51E2CC0B5A}.Debug|x64.ActiveCfg = Debug|Any CPU
		{FDCFFD57-93AA-4DF9-84C8-3D51E2CC0B5A}.Debug|x64.Build.0 = Debug|Any CPU
		{FDCFFD57-93AA-4DF9-84C8-3D51E2CC0B5A}.Debug|x86.ActiveCfg = Debug|Any CPU
		{FDCFFD57-93AA-4DF9-84C8-3D51E2CC0B5A}.Debug|x86.Build.0 = Debug|Any CPU
		{FDCFFD57-93AA-4DF9-84C8-3D51E2CC0B5A}.Release|Any CPU.ActiveCfg = Release|Any CPU
		{FDCFFD57-93AA-4DF9-84C8-3D51E2CC0B5A}.Release|Any CPU.Build.0 = Release|Any CPU
		{FDCFFD57-93AA-4DF9-84C8-3D51E2CC0B5A}.Release|x64.ActiveCfg = Release|Any CPU
		{FDCFFD57-93AA-4DF9-84C8-3D51E2CC0B5A}.Release|x64.Build.0 = Release|Any CPU
		{FDCFFD57-93AA-4DF9-84C8-3D51E2CC0B5A}.Release|x86.ActiveCfg = Release|Any CPU
		{FDCFFD57-93AA-4DF9-84C8-3D51E2CC0B5A}.Release|x86.Build.0 = Release|Any CPU
		{8D430937-B552-45AA-AFB5-E73D1A982006}.Debug|Any CPU.ActiveCfg = Debug|Any CPU
		{8D430937-B552-45AA-AFB5-E73D1A982006}.Debug|Any CPU.Build.0 = Debug|Any CPU
		{8D430937-B552-45AA-AFB5-E73D1A982006}.Debug|x64.ActiveCfg = Debug|Any CPU
		{8D430937-B552-45AA-AFB5-E73D1A982006}.Debug|x64.Build.0 = Debug|Any CPU
		{8D430937-B552-45AA-AFB5-E73D1A982006}.Debug|x86.ActiveCfg = Debug|Any CPU
		{8D430937-B552-45AA-AFB5-E73D1A982006}.Debug|x86.Build.0 = Debug|Any CPU
		{8D430937-B552-45AA-AFB5-E73D1A982006}.Release|Any CPU.ActiveCfg = Release|Any CPU
		{8D430937-B552-45AA-AFB5-E73D1A982006}.Release|Any CPU.Build.0 = Release|Any CPU
		{8D430937-B552-45AA-AFB5-E73D1A982006}.Release|x64.ActiveCfg = Release|Any CPU
		{8D430937-B552-45AA-AFB5-E73D1A982006}.Release|x64.Build.0 = Release|Any CPU
		{8D430937-B552-45AA-AFB5-E73D1A982006}.Release|x86.ActiveCfg = Release|Any CPU
		{8D430937-B552-45AA-AFB5-E73D1A982006}.Release|x86.Build.0 = Release|Any CPU
		{7E500D76-8C7D-43FE-BE33-339979A1CCBE}.Debug|Any CPU.ActiveCfg = Debug|Any CPU
		{7E500D76-8C7D-43FE-BE33-339979A1CCBE}.Debug|Any CPU.Build.0 = Debug|Any CPU
		{7E500D76-8C7D-43FE-BE33-339979A1CCBE}.Debug|x64.ActiveCfg = Debug|Any CPU
		{7E500D76-8C7D-43FE-BE33-339979A1CCBE}.Debug|x64.Build.0 = Debug|Any CPU
		{7E500D76-8C7D-43FE-BE33-339979A1CCBE}.Debug|x86.ActiveCfg = Debug|Any CPU
		{7E500D76-8C7D-43FE-BE33-339979A1CCBE}.Debug|x86.Build.0 = Debug|Any CPU
		{7E500D76-8C7D-43FE-BE33-339979A1CCBE}.Release|Any CPU.ActiveCfg = Release|Any CPU
		{7E500D76-8C7D-43FE-BE33-339979A1CCBE}.Release|Any CPU.Build.0 = Release|Any CPU
		{7E500D76-8C7D-43FE-BE33-339979A1CCBE}.Release|x64.ActiveCfg = Release|Any CPU
		{7E500D76-8C7D-43FE-BE33-339979A1CCBE}.Release|x64.Build.0 = Release|Any CPU
		{7E500D76-8C7D-43FE-BE33-339979A1CCBE}.Release|x86.ActiveCfg = Release|Any CPU
		{7E500D76-8C7D-43FE-BE33-339979A1CCBE}.Release|x86.Build.0 = Release|Any CPU
	EndGlobalSection
	GlobalSection(SolutionProperties) = preSolution
		HideSolutionNode = FALSE
	EndGlobalSection
	GlobalSection(NestedProjects) = preSolution
		{75789A71-E9B8-4304-8276-1E76D1D7C64E} = {C6F5AF36-449A-D0BC-5E47-9E74ACDE189C}
		{167EC8FF-AAED-4A5E-AF62-ED551F3589A6} = {C6F5AF36-449A-D0BC-5E47-9E74ACDE189C}
		{195588ED-6D03-45F3-8C77-C2D696F1C76E} = {C6F5AF36-449A-D0BC-5E47-9E74ACDE189C}
		{FDCFFD57-93AA-4DF9-84C8-3D51E2CC0B5A} = {C6F5AF36-449A-D0BC-5E47-9E74ACDE189C}
		{8D430937-B552-45AA-AFB5-E73D1A982006} = {BA978FC2-AAB1-1279-F5C2-C90C586834A8}
		{7E500D76-8C7D-43FE-BE33-339979A1CCBE} = {BA978FC2-AAB1-1279-F5C2-C90C586834A8}
	EndGlobalSection
	GlobalSection(ExtensibilityGlobals) = postSolution
		SolutionGuid = {F76C662E-E93B-457C-81A3-48C3F045416A}
	EndGlobalSection
EndGlobal
