
Microsoft Visual Studio Solution File, Format Version 12.00
# Visual Studio Version 17
VisualStudioVersion = 17.0.31903.59
MinimumVisualStudioVersion = 10.0.40219.1
Project("{2150E333-8FDC-42A3-9474-1A3956D46DE8}") = "AuctionService", "AuctionService", "{C6F5AF36-449A-D0BC-5E47-9E74ACDE189C}"
EndProject
Project("{FAE04EC0-301F-11D3-BF4B-00C04F79EFBC}") = "AuctionService.API", "AuctionService\API\AuctionService.API.csproj", "{75789A71-E9B8-4304-8276-1E76D1D7C64E}"
EndProject
Project("{FAE04EC0-301F-11D3-BF4B-00C04F79EFBC}") = "AuctionService.Application", "AuctionService\Application\AuctionService.Application.csproj", "{167EC8FF-AAED-4A5E-AF62-ED551F3589A6}"
EndProject
Project("{FAE04EC0-301F-11D3-BF4B-00C04F79EFBC}") = "AuctionService.Domain", "AuctionService\Domain\AuctionService.Domain.csproj", "{195588ED-6D03-45F3-8C77-C2D696F1C76E}"
EndProject
Project("{FAE04EC0-301F-11D3-BF4B-00C04F79EFBC}") = "AuctionService.Infrastructure", "AuctionService\Infrastructure\AuctionService.Infrastructure.csproj", "{FDCFFD57-93AA-4DF9-84C8-3D51E2CC0B5A}"
EndProject
Project("{2150E333-8FDC-42A3-9474-1A3956D46DE8}") = "Common", "Common", "{881589EE-639B-0A35-DBCE-5D94E4FC90C0}"
EndProject
Project("{2150E333-8FDC-42A3-9474-1A3956D46DE8}") = "Application", "Application", "{40EC866C-5C40-902D-B21F-53E1D7935791}"
EndProject
Project("{FAE04EC0-301F-11D3-BF4B-00C04F79EFBC}") = "Common.Application", "Common\Application\Common.Application.csproj", "{CE1BD182-B030-4A92-B93F-371F0A491E2B}"
EndProject
Project("{2150E333-8FDC-42A3-9474-1A3956D46DE8}") = "Domain", "Domain", "{5C5E9D51-4D23-C6C2-228F-A285A3EE1BEC}"
EndProject
Project("{FAE04EC0-301F-11D3-BF4B-00C04F79EFBC}") = "Common.Domain", "Common\Domain\Common.Domain.csproj", "{7A24EFA3-99F5-4E51-A399-B871EF9174EC}"
EndProject
Global
	GlobalSection(SolutionConfigurationPlatforms) = preSolution
		Debug|Any CPU = Debug|Any CPU
		Debug|x64 = Debug|x64
		Debug|x86 = Debug|x86
		Release|Any CPU = Release|Any CPU
		Release|x64 = Release|x64
		Release|x86 = Release|x86
	EndGlobalSection
	GlobalSection(ProjectConfigurationPlatforms) = postSolution
		{75789A71-E9B8-4304-8276-1E76D1D7C64E}.Debug|Any CPU.ActiveCfg = Debug|Any CPU
		{75789A71-E9B8-4304-8276-1E76D1D7C64E}.Debug|Any CPU.Build.0 = Debug|Any CPU
		{75789A71-E9B8-4304-8276-1E76D1D7C64E}.Debug|x64.ActiveCfg = Debug|Any CPU
		{75789A71-E9B8-4304-8276-1E76D1D7C64E}.Debug|x64.Build.0 = Debug|Any CPU
		{75789A71-E9B8-4304-8276-1E76D1D7C64E}.Debug|x86.ActiveCfg = Debug|Any CPU
		{75789A71-E9B8-4304-8276-1E76D1D7C64E}.Debug|x86.Build.0 = Debug|Any CPU
		{75789A71-E9B8-4304-8276-1E76D1D7C64E}.Release|Any CPU.ActiveCfg = Release|Any CPU
		{75789A71-E9B8-4304-8276-1E76D1D7C64E}.Release|Any CPU.Build.0 = Release|Any CPU
		{75789A71-E9B8-4304-8276-1E76D1D7C64E}.Release|x64.ActiveCfg = Release|Any CPU
		{75789A71-E9B8-4304-8276-1E76D1D7C64E}.Release|x64.Build.0 = Release|Any CPU
		{75789A71-E9B8-4304-8276-1E76D1D7C64E}.Release|x86.ActiveCfg = Release|Any CPU
		{75789A71-E9B8-4304-8276-1E76D1D7C64E}.Release|x86.Build.0 = Release|Any CPU
		{167EC8FF-AAED-4A5E-AF62-ED551F3589A6}.Debug|Any CPU.ActiveCfg = Debug|Any CPU
		{167EC8FF-AAED-4A5E-AF62-ED551F3589A6}.Debug|Any CPU.Build.0 = Debug|Any CPU
		{167EC8FF-AAED-4A5E-AF62-ED551F3589A6}.Debug|x64.ActiveCfg = Debug|Any CPU
		{167EC8FF-AAED-4A5E-AF62-ED551F3589A6}.Debug|x64.Build.0 = Debug|Any CPU
		{167EC8FF-AAED-4A5E-AF62-ED551F3589A6}.Debug|x86.ActiveCfg = Debug|Any CPU
		{167EC8FF-AAED-4A5E-AF62-ED551F3589A6}.Debug|x86.Build.0 = Debug|Any CPU
		{167EC8FF-AAED-4A5E-AF62-ED551F3589A6}.Release|Any CPU.ActiveCfg = Release|Any CPU
		{167EC8FF-AAED-4A5E-AF62-ED551F3589A6}.Release|Any CPU.Build.0 = Release|Any CPU
		{167EC8FF-AAED-4A5E-AF62-ED551F3589A6}.Release|x64.ActiveCfg = Release|Any CPU
		{167EC8FF-AAED-4A5E-AF62-ED551F3589A6}.Release|x64.Build.0 = Release|Any CPU
		{167EC8FF-AAED-4A5E-AF62-ED551F3589A6}.Release|x86.ActiveCfg = Release|Any CPU
		{167EC8FF-AAED-4A5E-AF62-ED551F3589A6}.Release|x86.Build.0 = Release|Any CPU
		{195588ED-6D03-45F3-8C77-C2D696F1C76E}.Debug|Any CPU.ActiveCfg = Debug|Any CPU
		{195588ED-6D03-45F3-8C77-C2D696F1C76E}.Debug|Any CPU.Build.0 = Debug|Any CPU
		{195588ED-6D03-45F3-8C77-C2D696F1C76E}.Debug|x64.ActiveCfg = Debug|Any CPU
		{195588ED-6D03-45F3-8C77-C2D696F1C76E}.Debug|x64.Build.0 = Debug|Any CPU
		{195588ED-6D03-45F3-8C77-C2D696F1C76E}.Debug|x86.ActiveCfg = Debug|Any CPU
		{195588ED-6D03-45F3-8C77-C2D696F1C76E}.Debug|x86.Build.0 = Debug|Any CPU
		{195588ED-6D03-45F3-8C77-C2D696F1C76E}.Release|Any CPU.ActiveCfg = Release|Any CPU
		{195588ED-6D03-45F3-8C77-C2D696F1C76E}.Release|Any CPU.Build.0 = Release|Any CPU
		{195588ED-6D03-45F3-8C77-C2D696F1C76E}.Release|x64.ActiveCfg = Release|Any CPU
		{195588ED-6D03-45F3-8C77-C2D696F1C76E}.Release|x64.Build.0 = Release|Any CPU
		{195588ED-6D03-45F3-8C77-C2D696F1C76E}.Release|x86.ActiveCfg = Release|Any CPU
		{195588ED-6D03-45F3-8C77-C2D696F1C76E}.Release|x86.Build.0 = Release|Any CPU
		{FDCFFD57-93AA-4DF9-84C8-3D51E2CC0B5A}.Debug|Any CPU.ActiveCfg = Debug|Any CPU
		{FDCFFD57-93AA-4DF9-84C8-3D51E2CC0B5A}.Debug|Any CPU.Build.0 = Debug|Any CPU
		{FDCFFD57-93AA-4DF9-84C8-3D51E2CC0B5A}.Debug|x64.ActiveCfg = Debug|Any CPU
		{FDCFFD57-93AA-4DF9-84C8-3D51E2CC0B5A}.Debug|x64.Build.0 = Debug|Any CPU
		{FDCFFD57-93AA-4DF9-84C8-3D51E2CC0B5A}.Debug|x86.ActiveCfg = Debug|Any CPU
		{FDCFFD57-93AA-4DF9-84C8-3D51E2CC0B5A}.Debug|x86.Build.0 = Debug|Any CPU
		{FDCFFD57-93AA-4DF9-84C8-3D51E2CC0B5A}.Release|Any CPU.ActiveCfg = Release|Any CPU
		{FDCFFD57-93AA-4DF9-84C8-3D51E2CC0B5A}.Release|Any CPU.Build.0 = Release|Any CPU
		{FDCFFD57-93AA-4DF9-84C8-3D51E2CC0B5A}.Release|x64.ActiveCfg = Release|Any CPU
		{FDCFFD57-93AA-4DF9-84C8-3D51E2CC0B5A}.Release|x64.Build.0 = Release|Any CPU
		{FDCFFD57-93AA-4DF9-84C8-3D51E2CC0B5A}.Release|x86.ActiveCfg = Release|Any CPU
		{FDCFFD57-93AA-4DF9-84C8-3D51E2CC0B5A}.Release|x86.Build.0 = Release|Any CPU
		{CE1BD182-B030-4A92-B93F-371F0A491E2B}.Debug|Any CPU.ActiveCfg = Debug|Any CPU
		{CE1BD182-B030-4A92-B93F-371F0A491E2B}.Debug|Any CPU.Build.0 = Debug|Any CPU
		{CE1BD182-B030-4A92-B93F-371F0A491E2B}.Debug|x64.ActiveCfg = Debug|Any CPU
		{CE1BD182-B030-4A92-B93F-371F0A491E2B}.Debug|x64.Build.0 = Debug|Any CPU
		{CE1BD182-B030-4A92-B93F-371F0A491E2B}.Debug|x86.ActiveCfg = Debug|Any CPU
		{CE1BD182-B030-4A92-B93F-371F0A491E2B}.Debug|x86.Build.0 = Debug|Any CPU
		{CE1BD182-B030-4A92-B93F-371F0A491E2B}.Release|Any CPU.ActiveCfg = Release|Any CPU
		{CE1BD182-B030-4A92-B93F-371F0A491E2B}.Release|Any CPU.Build.0 = Release|Any CPU
		{CE1BD182-B030-4A92-B93F-371F0A491E2B}.Release|x64.ActiveCfg = Release|Any CPU
		{CE1BD182-B030-4A92-B93F-371F0A491E2B}.Release|x64.Build.0 = Release|Any CPU
		{CE1BD182-B030-4A92-B93F-371F0A491E2B}.Release|x86.ActiveCfg = Release|Any CPU
		{CE1BD182-B030-4A92-B93F-371F0A491E2B}.Release|x86.Build.0 = Release|Any CPU
		{7A24EFA3-99F5-4E51-A399-B871EF9174EC}.Debug|Any CPU.ActiveCfg = Debug|Any CPU
		{7A24EFA3-99F5-4E51-A399-B871EF9174EC}.Debug|Any CPU.Build.0 = Debug|Any CPU
		{7A24EFA3-99F5-4E51-A399-B871EF9174EC}.Debug|x64.ActiveCfg = Debug|Any CPU
		{7A24EFA3-99F5-4E51-A399-B871EF9174EC}.Debug|x64.Build.0 = Debug|Any CPU
		{7A24EFA3-99F5-4E51-A399-B871EF9174EC}.Debug|x86.ActiveCfg = Debug|Any CPU
		{7A24EFA3-99F5-4E51-A399-B871EF9174EC}.Debug|x86.Build.0 = Debug|Any CPU
		{7A24EFA3-99F5-4E51-A399-B871EF9174EC}.Release|Any CPU.ActiveCfg = Release|Any CPU
		{7A24EFA3-99F5-4E51-A399-B871EF9174EC}.Release|Any CPU.Build.0 = Release|Any CPU
		{7A24EFA3-99F5-4E51-A399-B871EF9174EC}.Release|x64.ActiveCfg = Release|Any CPU
		{7A24EFA3-99F5-4E51-A399-B871EF9174EC}.Release|x64.Build.0 = Release|Any CPU
		{7A24EFA3-99F5-4E51-A399-B871EF9174EC}.Release|x86.ActiveCfg = Release|Any CPU
		{7A24EFA3-99F5-4E51-A399-B871EF9174EC}.Release|x86.Build.0 = Release|Any CPU
	EndGlobalSection
	GlobalSection(SolutionProperties) = preSolution
		HideSolutionNode = FALSE
	EndGlobalSection
	GlobalSection(NestedProjects) = preSolution
		{75789A71-E9B8-4304-8276-1E76D1D7C64E} = {C6F5AF36-449A-D0BC-5E47-9E74ACDE189C}
		{167EC8FF-AAED-4A5E-AF62-ED551F3589A6} = {C6F5AF36-449A-D0BC-5E47-9E74ACDE189C}
		{195588ED-6D03-45F3-8C77-C2D696F1C76E} = {C6F5AF36-449A-D0BC-5E47-9E74ACDE189C}
		{FDCFFD57-93AA-4DF9-84C8-3D51E2CC0B5A} = {C6F5AF36-449A-D0BC-5E47-9E74ACDE189C}
		{40EC866C-5C40-902D-B21F-53E1D7935791} = {881589EE-639B-0A35-DBCE-5D94E4FC90C0}
		{CE1BD182-B030-4A92-B93F-371F0A491E2B} = {40EC866C-5C40-902D-B21F-53E1D7935791}
		{5C5E9D51-4D23-C6C2-228F-A285A3EE1BEC} = {881589EE-639B-0A35-DBCE-5D94E4FC90C0}
		{7A24EFA3-99F5-4E51-A399-B871EF9174EC} = {5C5E9D51-4D23-C6C2-228F-A285A3EE1BEC}
	EndGlobalSection
	GlobalSection(ExtensibilityGlobals) = postSolution
		SolutionGuid = {F76C662E-E93B-457C-81A3-48C3F045416A}
	EndGlobalSection
EndGlobal
